{
  "version": 4,
  "terraform_version": "1.3.2",
  "serial": 6,
  "lineage": "19e5e2a6-499e-da62-d6ee-5fa41eaf2a41",
  "outputs": {},
  "resources": [
    {
      "mode": "managed",
      "type": "azurerm_resource_group",
      "name": "dev-rg",
      "provider": "provider[\"registry.terraform.io/hashicorp/azurerm\"]",
      "instances": [
        {
          "schema_version": 0,
          "attributes": {
            "id": "/subscriptions/e35f2b7a-c9ca-4ee0-9db3-d85061d32776/resourceGroups/development-resource-group",
            "location": "centralus",
            "name": "development-resource-group",
            "tags": {},
            "timeouts": null
          },
          "sensitive_attributes": [],
          "private": "eyJlMmJmYjczMC1lY2FhLTExZTYtOGY4OC0zNDM2M2JjN2M0YzAiOnsiY3JlYXRlIjo1NDAwMDAwMDAwMDAwLCJkZWxldGUiOjU0MDAwMDAwMDAwMDAsInJlYWQiOjMwMDAwMDAwMDAwMCwidXBkYXRlIjo1NDAwMDAwMDAwMDAwfX0="
        }
      ]
    },
    {
      "mode": "managed",
      "type": "azurerm_static_site",
      "name": "crc-sox",
      "provider": "provider[\"registry.terraform.io/hashicorp/azurerm\"]",
      "instances": [
        {
          "schema_version": 0,
          "attributes": {
            "api_key": "313562966a7a3f8ce705f136e862eca2124a4b8c267e15b746589882df319dfc2-501e1a8f-7c3f-48ee-8339-e4d691f0c7a1010137916",
            "default_host_name": "gentle-sand-000da2710.2.azurestaticapps.net",
            "id": "/subscriptions/e35f2b7a-c9ca-4ee0-9db3-d85061d32776/resourceGroups/development-resource-group/providers/Microsoft.Web/staticSites/crc-sox",
            "identity": [],
            "location": "centralus",
            "name": "crc-sox",
            "resource_group_name": "development-resource-group",
            "sku_size": "Free",
            "sku_tier": "Free",
            "tags": null,
            "timeouts": null
          },
          "sensitive_attributes": [],
          "private": "eyJlMmJmYjczMC1lY2FhLTExZTYtOGY4OC0zNDM2M2JjN2M0YzAiOnsiY3JlYXRlIjoxODAwMDAwMDAwMDAwLCJkZWxldGUiOjE4MDAwMDAwMDAwMDAsInJlYWQiOjMwMDAwMDAwMDAwMCwidXBkYXRlIjoxODAwMDAwMDAwMDAwfX0="
        }
      ]
    }
  ],
  "check_results": []
}
